// !$*UTF8*$!
{
	archiveVersion = 1;
	classes = {
	};
	objectVersion = 50;
	objects = {

/* Begin PBXBuildFile section */
		241C5ED4257DEF3C0059E2E6 /* Day05.swift in Sources */ = {isa = PBXBuildFile; fileRef = 241C5ED3257DEF3C0059E2E6 /* Day05.swift */; };
		241C5ED7257DEF6A0059E2E6 /* input_05.txt in CopyFiles */ = {isa = PBXBuildFile; fileRef = 241C5ED6257DEF640059E2E6 /* input_05.txt */; };
		241C5EDA257DF8C80059E2E6 /* Day06.swift in Sources */ = {isa = PBXBuildFile; fileRef = 241C5ED9257DF8C80059E2E6 /* Day06.swift */; };
		241C5EDE257DFD590059E2E6 /* input_06.txt in CopyFiles */ = {isa = PBXBuildFile; fileRef = 241C5EDD257DFD510059E2E6 /* input_06.txt */; };
		2496C05D2578AAD30018B9B1 /* input_01.txt in CopyFiles */ = {isa = PBXBuildFile; fileRef = 2496C05C2578AABE0018B9B1 /* input_01.txt */; };
		2496C05F2578AAD70018B9B1 /* input_02.txt in CopyFiles */ = {isa = PBXBuildFile; fileRef = 2496C05B2578AAB70018B9B1 /* input_02.txt */; };
		2496C0612578AADC0018B9B1 /* input_03.txt in CopyFiles */ = {isa = PBXBuildFile; fileRef = 2496C05A2578AAAD0018B9B1 /* input_03.txt */; };
		2496C0642578AAFB0018B9B1 /* Day03.swift in Sources */ = {isa = PBXBuildFile; fileRef = 2496C0632578AAFB0018B9B1 /* Day03.swift */; };
		2496C0682579FB250018B9B1 /* Day04.swift in Sources */ = {isa = PBXBuildFile; fileRef = 2496C0672579FB250018B9B1 /* Day04.swift */; };
		2496C06B2579FC220018B9B1 /* input_04.txt in CopyFiles */ = {isa = PBXBuildFile; fileRef = 2496C0662579FB160018B9B1 /* input_04.txt */; };
		24EE74E825776BD400CF7BD7 /* main.swift in Sources */ = {isa = PBXBuildFile; fileRef = 24EE74E725776BD400CF7BD7 /* main.swift */; };
		24EE74F125776C3400CF7BD7 /* Day.swift in Sources */ = {isa = PBXBuildFile; fileRef = 24EE74F025776C3400CF7BD7 /* Day.swift */; };
		24EE74F425776C5300CF7BD7 /* Parser.swift in Sources */ = {isa = PBXBuildFile; fileRef = 24EE74F325776C5300CF7BD7 /* Parser.swift */; };
		24EE74F725776C7900CF7BD7 /* Day01.swift in Sources */ = {isa = PBXBuildFile; fileRef = 24EE74F625776C7900CF7BD7 /* Day01.swift */; };
		24EE74FA25776C8D00CF7BD7 /* Day02.swift in Sources */ = {isa = PBXBuildFile; fileRef = 24EE74F925776C8D00CF7BD7 /* Day02.swift */; };
		24EE7510257771C700CF7BD7 /* Collection+Extensions.swift in Sources */ = {isa = PBXBuildFile; fileRef = 24EE750F257771C700CF7BD7 /* Collection+Extensions.swift */; };
		24EE7515257772AA00CF7BD7 /* String+Extensions.swift in Sources */ = {isa = PBXBuildFile; fileRef = 24EE7514257772AA00CF7BD7 /* String+Extensions.swift */; };
/* End PBXBuildFile section */

/* Begin PBXCopyFilesBuildPhase section */
		24EE74E225776BD400CF7BD7 /* CopyFiles */ = {
			isa = PBXCopyFilesBuildPhase;
			buildActionMask = 12;
			dstPath = "";
			dstSubfolderSpec = 7;
			files = (
				241C5EDE257DFD590059E2E6 /* input_06.txt in CopyFiles */,
				241C5ED7257DEF6A0059E2E6 /* input_05.txt in CopyFiles */,
				2496C06B2579FC220018B9B1 /* input_04.txt in CopyFiles */,
				2496C0612578AADC0018B9B1 /* input_03.txt in CopyFiles */,
				2496C05F2578AAD70018B9B1 /* input_02.txt in CopyFiles */,
				2496C05D2578AAD30018B9B1 /* input_01.txt in CopyFiles */,
			);
			runOnlyForDeploymentPostprocessing = 0;
		};
/* End PBXCopyFilesBuildPhase section */

/* Begin PBXFileReference section */
		241C5ED3257DEF3C0059E2E6 /* Day05.swift */ = {isa = PBXFileReference; lastKnownFileType = sourcecode.swift; path = Day05.swift; sourceTree = "<group>"; };
		241C5ED6257DEF640059E2E6 /* input_05.txt */ = {isa = PBXFileReference; lastKnownFileType = text; path = input_05.txt; sourceTree = "<group>"; };
		241C5ED9257DF8C80059E2E6 /* Day06.swift */ = {isa = PBXFileReference; lastKnownFileType = sourcecode.swift; path = Day06.swift; sourceTree = "<group>"; };
		241C5EDD257DFD510059E2E6 /* input_06.txt */ = {isa = PBXFileReference; lastKnownFileType = text; path = input_06.txt; sourceTree = "<group>"; };
		2496C05A2578AAAD0018B9B1 /* input_03.txt */ = {isa = PBXFileReference; lastKnownFileType = text; path = input_03.txt; sourceTree = "<group>"; };
		2496C05B2578AAB70018B9B1 /* input_02.txt */ = {isa = PBXFileReference; lastKnownFileType = text; path = input_02.txt; sourceTree = "<group>"; };
		2496C05C2578AABE0018B9B1 /* input_01.txt */ = {isa = PBXFileReference; lastKnownFileType = text; path = input_01.txt; sourceTree = "<group>"; };
		2496C0632578AAFB0018B9B1 /* Day03.swift */ = {isa = PBXFileReference; lastKnownFileType = sourcecode.swift; path = Day03.swift; sourceTree = "<group>"; };
		2496C0662579FB160018B9B1 /* input_04.txt */ = {isa = PBXFileReference; lastKnownFileType = text; path = input_04.txt; sourceTree = "<group>"; };
		2496C0672579FB250018B9B1 /* Day04.swift */ = {isa = PBXFileReference; lastKnownFileType = sourcecode.swift; path = Day04.swift; sourceTree = "<group>"; };
		24EE74E425776BD400CF7BD7 /* advent-of-code-2020 */ = {isa = PBXFileReference; explicitFileType = "compiled.mach-o.executable"; includeInIndex = 0; path = "advent-of-code-2020"; sourceTree = BUILT_PRODUCTS_DIR; };
		24EE74E725776BD400CF7BD7 /* main.swift */ = {isa = PBXFileReference; lastKnownFileType = sourcecode.swift; path = main.swift; sourceTree = "<group>"; };
		24EE74F025776C3400CF7BD7 /* Day.swift */ = {isa = PBXFileReference; lastKnownFileType = sourcecode.swift; path = Day.swift; sourceTree = "<group>"; };
		24EE74F325776C5300CF7BD7 /* Parser.swift */ = {isa = PBXFileReference; lastKnownFileType = sourcecode.swift; path = Parser.swift; sourceTree = "<group>"; };
		24EE74F625776C7900CF7BD7 /* Day01.swift */ = {isa = PBXFileReference; lastKnownFileType = sourcecode.swift; path = Day01.swift; sourceTree = "<group>"; };
		24EE74F925776C8D00CF7BD7 /* Day02.swift */ = {isa = PBXFileReference; lastKnownFileType = sourcecode.swift; path = Day02.swift; sourceTree = "<group>"; };
		24EE750F257771C700CF7BD7 /* Collection+Extensions.swift */ = {isa = PBXFileReference; lastKnownFileType = sourcecode.swift; path = "Collection+Extensions.swift"; sourceTree = "<group>"; };
		24EE7514257772AA00CF7BD7 /* String+Extensions.swift */ = {isa = PBXFileReference; lastKnownFileType = sourcecode.swift; path = "String+Extensions.swift"; sourceTree = "<group>"; };
/* End PBXFileReference section */

/* Begin PBXFrameworksBuildPhase section */
		24EE74E125776BD400CF7BD7 /* Frameworks */ = {
			isa = PBXFrameworksBuildPhase;
			buildActionMask = 2147483647;
			files = (
			);
			runOnlyForDeploymentPostprocessing = 0;
		};
/* End PBXFrameworksBuildPhase section */

/* Begin PBXGroup section */
		24EE74DB25776BD400CF7BD7 = {
			isa = PBXGroup;
			children = (
				24EE74E625776BD400CF7BD7 /* advent-of-code-2020 */,
				24EE74E525776BD400CF7BD7 /* Products */,
			);
			sourceTree = "<group>";
		};
		24EE74E525776BD400CF7BD7 /* Products */ = {
			isa = PBXGroup;
			children = (
				24EE74E425776BD400CF7BD7 /* advent-of-code-2020 */,
			);
			name = Products;
			sourceTree = "<group>";
		};
		24EE74E625776BD400CF7BD7 /* advent-of-code-2020 */ = {
			isa = PBXGroup;
			children = (
				24EE750D257771AA00CF7BD7 /* Extensions */,
				24EE750025776DCF00CF7BD7 /* Resources */,
				24EE74E725776BD400CF7BD7 /* main.swift */,
				24EE74F025776C3400CF7BD7 /* Day.swift */,
				24EE74F325776C5300CF7BD7 /* Parser.swift */,
				24EE74F625776C7900CF7BD7 /* Day01.swift */,
				24EE74F925776C8D00CF7BD7 /* Day02.swift */,
				2496C0632578AAFB0018B9B1 /* Day03.swift */,
				2496C0672579FB250018B9B1 /* Day04.swift */,
				241C5ED3257DEF3C0059E2E6 /* Day05.swift */,
				241C5ED9257DF8C80059E2E6 /* Day06.swift */,
			);
			path = "advent-of-code-2020";
			sourceTree = "<group>";
		};
		24EE750025776DCF00CF7BD7 /* Resources */ = {
			isa = PBXGroup;
			children = (
				2496C05C2578AABE0018B9B1 /* input_01.txt */,
				2496C05B2578AAB70018B9B1 /* input_02.txt */,
				2496C05A2578AAAD0018B9B1 /* input_03.txt */,
				2496C0662579FB160018B9B1 /* input_04.txt */,
				241C5ED6257DEF640059E2E6 /* input_05.txt */,
				241C5EDD257DFD510059E2E6 /* input_06.txt */,
			);
			path = Resources;
			sourceTree = "<group>";
		};
		24EE750D257771AA00CF7BD7 /* Extensions */ = {
			isa = PBXGroup;
			children = (
				24EE750F257771C700CF7BD7 /* Collection+Extensions.swift */,
				24EE7514257772AA00CF7BD7 /* String+Extensions.swift */,
			);
			path = Extensions;
			sourceTree = "<group>";
		};
/* End PBXGroup section */

/* Begin PBXNativeTarget section */
		24EE74E325776BD400CF7BD7 /* advent-of-code-2020 */ = {
			isa = PBXNativeTarget;
			buildConfigurationList = 24EE74EB25776BD400CF7BD7 /* Build configuration list for PBXNativeTarget "advent-of-code-2020" */;
			buildPhases = (
				24EE74E025776BD400CF7BD7 /* Sources */,
				24EE74E125776BD400CF7BD7 /* Frameworks */,
				24EE74E225776BD400CF7BD7 /* CopyFiles */,
			);
			buildRules = (
			);
			dependencies = (
			);
			name = "advent-of-code-2020";
			productName = "advent-of-code-2020";
			productReference = 24EE74E425776BD400CF7BD7 /* advent-of-code-2020 */;
			productType = "com.apple.product-type.tool";
		};
/* End PBXNativeTarget section */

/* Begin PBXProject section */
		24EE74DC25776BD400CF7BD7 /* Project object */ = {
			isa = PBXProject;
			attributes = {
				LastSwiftUpdateCheck = 1220;
				LastUpgradeCheck = 1220;
				TargetAttributes = {
					24EE74E325776BD400CF7BD7 = {
						CreatedOnToolsVersion = 12.2;
					};
				};
			};
			buildConfigurationList = 24EE74DF25776BD400CF7BD7 /* Build configuration list for PBXProject "advent-of-code-2020" */;
			compatibilityVersion = "Xcode 9.3";
			developmentRegion = en;
			hasScannedForEncodings = 0;
			knownRegions = (
				en,
				Base,
			);
			mainGroup = 24EE74DB25776BD400CF7BD7;
			productRefGroup = 24EE74E525776BD400CF7BD7 /* Products */;
			projectDirPath = "";
			projectRoot = "";
			targets = (
				24EE74E325776BD400CF7BD7 /* advent-of-code-2020 */,
			);
		};
/* End PBXProject section */

/* Begin PBXSourcesBuildPhase section */
		24EE74E025776BD400CF7BD7 /* Sources */ = {
			isa = PBXSourcesBuildPhase;
			buildActionMask = 2147483647;
			files = (
				24EE7510257771C700CF7BD7 /* Collection+Extensions.swift in Sources */,
				24EE7515257772AA00CF7BD7 /* String+Extensions.swift in Sources */,
				24EE74F125776C3400CF7BD7 /* Day.swift in Sources */,
				24EE74F725776C7900CF7BD7 /* Day01.swift in Sources */,
				24EE74FA25776C8D00CF7BD7 /* Day02.swift in Sources */,
				241C5ED4257DEF3C0059E2E6 /* Day05.swift in Sources */,
				24EE74E825776BD400CF7BD7 /* main.swift in Sources */,
				241C5EDA257DF8C80059E2E6 /* Day06.swift in Sources */,
				24EE74F425776C5300CF7BD7 /* Parser.swift in Sources */,
				2496C0642578AAFB0018B9B1 /* Day03.swift in Sources */,
				2496C0682579FB250018B9B1 /* Day04.swift in Sources */,
			);
			runOnlyForDeploymentPostprocessing = 0;
		};
/* End PBXSourcesBuildPhase section */

/* Begin XCBuildConfiguration section */
		24EE74E925776BD400CF7BD7 /* Debug */ = {
			isa = XCBuildConfiguration;
			buildSettings = {
				ALWAYS_SEARCH_USER_PATHS = NO;
				CLANG_ANALYZER_NONNULL = YES;
				CLANG_ANALYZER_NUMBER_OBJECT_CONVERSION = YES_AGGRESSIVE;
				CLANG_CXX_LANGUAGE_STANDARD = "gnu++14";
				CLANG_CXX_LIBRARY = "libc++";
				CLANG_ENABLE_MODULES = YES;
				CLANG_ENABLE_OBJC_ARC = YES;
				CLANG_ENABLE_OBJC_WEAK = YES;
				CLANG_WARN_BLOCK_CAPTURE_AUTORELEASING = YES;
				CLANG_WARN_BOOL_CONVERSION = YES;
				CLANG_WARN_COMMA = YES;
				CLANG_WARN_CONSTANT_CONVERSION = YES;
				CLANG_WARN_DEPRECATED_OBJC_IMPLEMENTATIONS = YES;
				CLANG_WARN_DIRECT_OBJC_ISA_USAGE = YES_ERROR;
				CLANG_WARN_DOCUMENTATION_COMMENTS = YES;
				CLANG_WARN_EMPTY_BODY = YES;
				CLANG_WARN_ENUM_CONVERSION = YES;
				CLANG_WARN_INFINITE_RECURSION = YES;
				CLANG_WARN_INT_CONVERSION = YES;
				CLANG_WARN_NON_LITERAL_NULL_CONVERSION = YES;
				CLANG_WARN_OBJC_IMPLICIT_RETAIN_SELF = YES;
				CLANG_WARN_OBJC_LITERAL_CONVERSION = YES;
				CLANG_WARN_OBJC_ROOT_CLASS = YES_ERROR;
				CLANG_WARN_QUOTED_INCLUDE_IN_FRAMEWORK_HEADER = YES;
				CLANG_WARN_RANGE_LOOP_ANALYSIS = YES;
				CLANG_WARN_STRICT_PROTOTYPES = YES;
				CLANG_WARN_SUSPICIOUS_MOVE = YES;
				CLANG_WARN_UNGUARDED_AVAILABILITY = YES_AGGRESSIVE;
				CLANG_WARN_UNREACHABLE_CODE = YES;
				CLANG_WARN__DUPLICATE_METHOD_MATCH = YES;
				COPY_PHASE_STRIP = NO;
				DEBUG_INFORMATION_FORMAT = dwarf;
				ENABLE_STRICT_OBJC_MSGSEND = YES;
				ENABLE_TESTABILITY = YES;
				GCC_C_LANGUAGE_STANDARD = gnu11;
				GCC_DYNAMIC_NO_PIC = NO;
				GCC_NO_COMMON_BLOCKS = YES;
				GCC_OPTIMIZATION_LEVEL = 0;
				GCC_PREPROCESSOR_DEFINITIONS = (
					"DEBUG=1",
					"$(inherited)",
				);
				GCC_WARN_64_TO_32_BIT_CONVERSION = YES;
				GCC_WARN_ABOUT_RETURN_TYPE = YES_ERROR;
				GCC_WARN_UNDECLARED_SELECTOR = YES;
				GCC_WARN_UNINITIALIZED_AUTOS = YES_AGGRESSIVE;
				GCC_WARN_UNUSED_FUNCTION = YES;
				GCC_WARN_UNUSED_VARIABLE = YES;
				MACOSX_DEPLOYMENT_TARGET = 11.0;
				MTL_ENABLE_DEBUG_INFO = INCLUDE_SOURCE;
				MTL_FAST_MATH = YES;
				ONLY_ACTIVE_ARCH = YES;
				SDKROOT = macosx;
				SWIFT_ACTIVE_COMPILATION_CONDITIONS = DEBUG;
				SWIFT_OPTIMIZATION_LEVEL = "-Onone";
			};
			name = Debug;
		};
		24EE74EA25776BD400CF7BD7 /* Release */ = {
			isa = XCBuildConfiguration;
			buildSettings = {
				ALWAYS_SEARCH_USER_PATHS = NO;
				CLANG_ANALYZER_NONNULL = YES;
				CLANG_ANALYZER_NUMBER_OBJECT_CONVERSION = YES_AGGRESSIVE;
				CLANG_CXX_LANGUAGE_STANDARD = "gnu++14";
				CLANG_CXX_LIBRARY = "libc++";
				CLANG_ENABLE_MODULES = YES;
				CLANG_ENABLE_OBJC_ARC = YES;
				CLANG_ENABLE_OBJC_WEAK = YES;
				CLANG_WARN_BLOCK_CAPTURE_AUTORELEASING = YES;
				CLANG_WARN_BOOL_CONVERSION = YES;
				CLANG_WARN_COMMA = YES;
				CLANG_WARN_CONSTANT_CONVERSION = YES;
				CLANG_WARN_DEPRECATED_OBJC_IMPLEMENTATIONS = YES;
				CLANG_WARN_DIRECT_OBJC_ISA_USAGE = YES_ERROR;
				CLANG_WARN_DOCUMENTATION_COMMENTS = YES;
				CLANG_WARN_EMPTY_BODY = YES;
				CLANG_WARN_ENUM_CONVERSION = YES;
				CLANG_WARN_INFINITE_RECURSION = YES;
				CLANG_WARN_INT_CONVERSION = YES;
				CLANG_WARN_NON_LITERAL_NULL_CONVERSION = YES;
				CLANG_WARN_OBJC_IMPLICIT_RETAIN_SELF = YES;
				CLANG_WARN_OBJC_LITERAL_CONVERSION = YES;
				CLANG_WARN_OBJC_ROOT_CLASS = YES_ERROR;
				CLANG_WARN_QUOTED_INCLUDE_IN_FRAMEWORK_HEADER = YES;
				CLANG_WARN_RANGE_LOOP_ANALYSIS = YES;
				CLANG_WARN_STRICT_PROTOTYPES = YES;
				CLANG_WARN_SUSPICIOUS_MOVE = YES;
				CLANG_WARN_UNGUARDED_AVAILABILITY = YES_AGGRESSIVE;
				CLANG_WARN_UNREACHABLE_CODE = YES;
				CLANG_WARN__DUPLICATE_METHOD_MATCH = YES;
				COPY_PHASE_STRIP = NO;
				DEBUG_INFORMATION_FORMAT = "dwarf-with-dsym";
				ENABLE_NS_ASSERTIONS = NO;
				ENABLE_STRICT_OBJC_MSGSEND = YES;
				GCC_C_LANGUAGE_STANDARD = gnu11;
				GCC_NO_COMMON_BLOCKS = YES;
				GCC_WARN_64_TO_32_BIT_CONVERSION = YES;
				GCC_WARN_ABOUT_RETURN_TYPE = YES_ERROR;
				GCC_WARN_UNDECLARED_SELECTOR = YES;
				GCC_WARN_UNINITIALIZED_AUTOS = YES_AGGRESSIVE;
				GCC_WARN_UNUSED_FUNCTION = YES;
				GCC_WARN_UNUSED_VARIABLE = YES;
				MACOSX_DEPLOYMENT_TARGET = 11.0;
				MTL_ENABLE_DEBUG_INFO = NO;
				MTL_FAST_MATH = YES;
				SDKROOT = macosx;
				SWIFT_COMPILATION_MODE = wholemodule;
				SWIFT_OPTIMIZATION_LEVEL = "-O";
			};
			name = Release;
		};
		24EE74EC25776BD400CF7BD7 /* Debug */ = {
			isa = XCBuildConfiguration;
			buildSettings = {
				CODE_SIGN_STYLE = Automatic;
				DEVELOPMENT_TEAM = 984DFL8B26;
				ENABLE_HARDENED_RUNTIME = YES;
				PRODUCT_NAME = "$(TARGET_NAME)";
				SWIFT_VERSION = 5.0;
			};
			name = Debug;
		};
		24EE74ED25776BD400CF7BD7 /* Release */ = {
			isa = XCBuildConfiguration;
			buildSettings = {
				CODE_SIGN_STYLE = Automatic;
				DEVELOPMENT_TEAM = 984DFL8B26;
				ENABLE_HARDENED_RUNTIME = YES;
				PRODUCT_NAME = "$(TARGET_NAME)";
				SWIFT_VERSION = 5.0;
			};
			name = Release;
		};
/* End XCBuildConfiguration section */

/* Begin XCConfigurationList section */
		24EE74DF25776BD400CF7BD7 /* Build configuration list for PBXProject "advent-of-code-2020" */ = {
			isa = XCConfigurationList;
			buildConfigurations = (
				24EE74E925776BD400CF7BD7 /* Debug */,
				24EE74EA25776BD400CF7BD7 /* Release */,
			);
			defaultConfigurationIsVisible = 0;
			defaultConfigurationName = Release;
		};
		24EE74EB25776BD400CF7BD7 /* Build configuration list for PBXNativeTarget "advent-of-code-2020" */ = {
			isa = XCConfigurationList;
			buildConfigurations = (
				24EE74EC25776BD400CF7BD7 /* Debug */,
				24EE74ED25776BD400CF7BD7 /* Release */,
			);
			defaultConfigurationIsVisible = 0;
			defaultConfigurationName = Release;
		};
/* End XCConfigurationList section */
	};
	rootObject = 24EE74DC25776BD400CF7BD7 /* Project object */;
}
